{
  "name": "@freedomsex/preload-api",
  "version": "1.0.1",
  "lockfileVersion": 2,
  "requires": true,
  "packages": {
    "": {
      "name": "@freedomsex/preload-api",
      "version": "1.0.1",
      "license": "ISC",
      "dependencies": {
        "@freedomsex/api-resource": "^2.7.6",
        "underscore": "^1.13.2"
      }
    },
    "node_modules/@babel/runtime": {
      "version": "7.16.7",
      "resolved": "https://registry.npmjs.org/@babel/runtime/-/runtime-7.16.7.tgz",
      "integrity": "sha512-9E9FJowqAsytyOY6LG+1KuueckRL+aQW+mKvXRXnuFGyRAyepJPmEo9vgMfXUA6O9u3IeEdv9MAkppFcaQwogQ==",
      "optional": true,
      "dependencies": {
        "regenerator-runtime": "^0.13.4"
      },
      "engines": {
        "node": ">=6.9.0"
      }
    },
    "node_modules/@freedomsex/api-resource": {
      "version": "2.7.6",
      "resolved": "https://registry.npmjs.org/@freedomsex/api-resource/-/api-resource-2.7.6.tgz",
      "integrity": "sha512-zBnwakAO8o7PeDrkgWJIn4cJb8h/4kHW6cDEU774OZBGw7tg0bDJEJ6ZByZGTWwhovbsup3IdIyQjjB1VL2rWw==",
      "dependencies": {
        "@freedomsex/params-pruner": "^1.0.0"
      },
      "optionalDependencies": {
        "@freedomsex/cache-service": "0.0.6",
        "axios": "^0.24",
        "axios-rest-api": "^2.0.5"
      }
    },
    "node_modules/@freedomsex/cache-service": {
      "version": "0.0.6",
      "resolved": "https://registry.npmjs.org/@freedomsex/cache-service/-/cache-service-0.0.6.tgz",
      "integrity": "sha512-s05u8FS4vACKF1eLpyd+R+zO8wyCBd4DDqqAyvSlRzz1gYDLLbZSqUDG5UZ0xmkc1563MHe5itOvQkgk+Brk9A==",
      "optional": true,
      "dependencies": {
        "lscache": "^1.3.0",
        "underscore": "^1.9.1"
      }
    },
    "node_modules/@freedomsex/params-pruner": {
      "version": "1.0.0",
      "resolved": "https://registry.npmjs.org/@freedomsex/params-pruner/-/params-pruner-1.0.0.tgz",
      "integrity": "sha512-DKKbb2M+rmeWaAaxvbhWDtZDbPlIqnvT209uXWaSP91MKmab/K94VBGRQQF/DOANJuUSOVtc88IcPFkljsYyZA==",
      "dependencies": {
        "underscore": "^1.10.2"
      }
    },
    "node_modules/axios": {
      "version": "0.24.0",
      "resolved": "https://registry.npmjs.org/axios/-/axios-0.24.0.tgz",
      "integrity": "sha512-Q6cWsys88HoPgAaFAVUb0WpPk0O8iTeisR9IMqy9G8AbO4NlpVknrnQS03zzF9PGAWgO3cgletO3VjV/P7VztA==",
      "optional": true,
      "dependencies": {
        "follow-redirects": "^1.14.4"
      }
    },
    "node_modules/axios-rest-api": {
      "version": "2.1.6",
      "resolved": "https://registry.npmjs.org/axios-rest-api/-/axios-rest-api-2.1.6.tgz",
      "integrity": "sha512-fOUOMqsuBP2Gpr4C2efF3rgUbhBNQlTgFq3RCewwEgbuwgFhBZ9AZK4ctARNqU/9cpN96bC+mF1XQypI683hNw==",
      "optional": true,
      "dependencies": {
        "@babel/runtime": "^7.10.2",
        "axios": "^0.20.0",
        "underscore": "^1.10.2"
      }
    },
    "node_modules/axios-rest-api/node_modules/axios": {
      "version": "0.20.0",
      "resolved": "https://registry.npmjs.org/axios/-/axios-0.20.0.tgz",
      "integrity": "sha512-ANA4rr2BDcmmAQLOKft2fufrtuvlqR+cXNNinUmvfeSNCOF98PZL+7M/v1zIdGo7OLjEA9J2gXJL+j4zGsl0bA==",
      "deprecated": "Critical security vulnerability fixed in v0.21.1. For more information, see https://github.com/axios/axios/pull/3410",
      "optional": true,
      "dependencies": {
        "follow-redirects": "^1.10.0"
      }
    },
    "node_modules/follow-redirects": {
      "version": "1.14.7",
      "resolved": "https://registry.npmjs.org/follow-redirects/-/follow-redirects-1.14.7.tgz",
      "integrity": "sha512-+hbxoLbFMbRKDwohX8GkTataGqO6Jb7jGwpAlwgy2bIz25XtRm7KEzJM76R1WiNT5SwZkX4Y75SwBolkpmE7iQ==",
      "funding": [
        {
          "type": "individual",
          "url": "https://github.com/sponsors/RubenVerborgh"
        }
      ],
      "optional": true,
      "engines": {
        "node": ">=4.0"
      },
      "peerDependenciesMeta": {
        "debug": {
          "optional": true
        }
      }
    },
    "node_modules/lscache": {
      "version": "1.3.0",
      "resolved": "https://registry.npmjs.org/lscache/-/lscache-1.3.0.tgz",
      "integrity": "sha512-0JwzMSSu3fd3m8QQVbqIxzXywkNLQvgdNehuEtZ66v7f89ybpkZX+WN45SkvChP4AqUPSpDPJKHsAqStOhHgUA==",
      "optional": true
    },
    "node_modules/regenerator-runtime": {
      "version": "0.13.9",
      "resolved": "https://registry.npmjs.org/regenerator-runtime/-/regenerator-runtime-0.13.9.tgz",
      "integrity": "sha512-p3VT+cOEgxFsRRA9X4lkI1E+k2/CtnKtU4gcxyaCUreilL/vqI6CdZ3wxVUx3UOUg+gnUOQQcRI7BmSI656MYA==",
      "optional": true
    },
    "node_modules/underscore": {
      "version": "1.13.2",
      "resolved": "https://registry.npmjs.org/underscore/-/underscore-1.13.2.tgz",
      "integrity": "sha512-ekY1NhRzq0B08g4bGuX4wd2jZx5GnKz6mKSqFL4nqBlfyMGiG10gDFhDTMEfYmDL6Jy0FUIZp7wiRB+0BP7J2g=="
    }
  },
  "dependencies": {
    "@babel/runtime": {
      "version": "7.16.7",
      "resolved": "https://registry.npmjs.org/@babel/runtime/-/runtime-7.16.7.tgz",
      "integrity": "sha512-9E9FJowqAsytyOY6LG+1KuueckRL+aQW+mKvXRXnuFGyRAyepJPmEo9vgMfXUA6O9u3IeEdv9MAkppFcaQwogQ==",
      "optional": true,
      "requires": {
        "regenerator-runtime": "^0.13.4"
      }
    },
    "@freedomsex/api-resource": {
      "version": "2.7.6",
      "resolved": "https://registry.npmjs.org/@freedomsex/api-resource/-/api-resource-2.7.6.tgz",
      "integrity": "sha512-zBnwakAO8o7PeDrkgWJIn4cJb8h/4kHW6cDEU774OZBGw7tg0bDJEJ6ZByZGTWwhovbsup3IdIyQjjB1VL2rWw==",
      "requires": {
        "@freedomsex/cache-service": "0.0.6",
        "@freedomsex/params-pruner": "^1.0.0",
        "axios": "^0.24",
        "axios-rest-api": "^2.0.5"
      }
    },
    "@freedomsex/cache-service": {
      "version": "0.0.6",
      "resolved": "https://registry.npmjs.org/@freedomsex/cache-service/-/cache-service-0.0.6.tgz",
      "integrity": "sha512-s05u8FS4vACKF1eLpyd+R+zO8wyCBd4DDqqAyvSlRzz1gYDLLbZSqUDG5UZ0xmkc1563MHe5itOvQkgk+Brk9A==",
      "optional": true,
      "requires": {
        "lscache": "^1.3.0",
        "underscore": "^1.9.1"
      }
    },
    "@freedomsex/params-pruner": {
      "version": "1.0.0",
      "resolved": "https://registry.npmjs.org/@freedomsex/params-pruner/-/params-pruner-1.0.0.tgz",
      "integrity": "sha512-DKKbb2M+rmeWaAaxvbhWDtZDbPlIqnvT209uXWaSP91MKmab/K94VBGRQQF/DOANJuUSOVtc88IcPFkljsYyZA==",
      "requires": {
        "underscore": "^1.10.2"
      }
    },
    "axios": {
      "version": "0.24.0",
      "resolved": "https://registry.npmjs.org/axios/-/axios-0.24.0.tgz",
      "integrity": "sha512-Q6cWsys88HoPgAaFAVUb0WpPk0O8iTeisR9IMqy9G8AbO4NlpVknrnQS03zzF9PGAWgO3cgletO3VjV/P7VztA==",
      "optional": true,
      "requires": {
        "follow-redirects": "^1.14.4"
      }
    },
    "axios-rest-api": {
      "version": "2.1.6",
      "resolved": "https://registry.npmjs.org/axios-rest-api/-/axios-rest-api-2.1.6.tgz",
      "integrity": "sha512-fOUOMqsuBP2Gpr4C2efF3rgUbhBNQlTgFq3RCewwEgbuwgFhBZ9AZK4ctARNqU/9cpN96bC+mF1XQypI683hNw==",
      "optional": true,
      "requires": {
        "@babel/runtime": "^7.10.2",
        "axios": "^0.20.0",
        "underscore": "^1.10.2"
      },
      "dependencies": {
        "axios": {
          "version": "0.20.0",
          "resolved": "https://registry.npmjs.org/axios/-/axios-0.20.0.tgz",
          "integrity": "sha512-ANA4rr2BDcmmAQLOKft2fufrtuvlqR+cXNNinUmvfeSNCOF98PZL+7M/v1zIdGo7OLjEA9J2gXJL+j4zGsl0bA==",
          "optional": true,
          "requires": {
            "follow-redirects": "^1.10.0"
          }
        }
      }
    },
    "follow-redirects": {
      "version": "1.14.7",
      "resolved": "https://registry.npmjs.org/follow-redirects/-/follow-redirects-1.14.7.tgz",
      "integrity": "sha512-+hbxoLbFMbRKDwohX8GkTataGqO6Jb7jGwpAlwgy2bIz25XtRm7KEzJM76R1WiNT5SwZkX4Y75SwBolkpmE7iQ==",
      "optional": true
    },
    "lscache": {
      "version": "1.3.0",
      "resolved": "https://registry.npmjs.org/lscache/-/lscache-1.3.0.tgz",
      "integrity": "sha512-0JwzMSSu3fd3m8QQVbqIxzXywkNLQvgdNehuEtZ66v7f89ybpkZX+WN45SkvChP4AqUPSpDPJKHsAqStOhHgUA==",
      "optional": true
    },
    "regenerator-runtime": {
      "version": "0.13.9",
      "resolved": "https://registry.npmjs.org/regenerator-runtime/-/regenerator-runtime-0.13.9.tgz",
      "integrity": "sha512-p3VT+cOEgxFsRRA9X4lkI1E+k2/CtnKtU4gcxyaCUreilL/vqI6CdZ3wxVUx3UOUg+gnUOQQcRI7BmSI656MYA==",
      "optional": true
    },
    "underscore": {
      "version": "1.13.2",
      "resolved": "https://registry.npmjs.org/underscore/-/underscore-1.13.2.tgz",
      "integrity": "sha512-ekY1NhRzq0B08g4bGuX4wd2jZx5GnKz6mKSqFL4nqBlfyMGiG10gDFhDTMEfYmDL6Jy0FUIZp7wiRB+0BP7J2g=="
    }
  }
}
